// !$*UTF8*$!
{
	archiveVersion = 1;
	classes = {
	};
	objectVersion = 56;
	objects = {

/* Begin PBXBuildFile section */
		100139052AFAA87A0037EF36 /* siriaiZukanApp.swift in Sources */ = {isa = PBXBuildFile; fileRef = 100139042AFAA87A0037EF36 /* siriaiZukanApp.swift */; };
		100139072AFAA87A0037EF36 /* CommunityView.swift in Sources */ = {isa = PBXBuildFile; fileRef = 100139062AFAA87A0037EF36 /* CommunityView.swift */; };
		100139092AFAA87C0037EF36 /* Assets.xcassets in Resources */ = {isa = PBXBuildFile; fileRef = 100139082AFAA87C0037EF36 /* Assets.xcassets */; };
		1001390C2AFAA87C0037EF36 /* Preview Assets.xcassets in Resources */ = {isa = PBXBuildFile; fileRef = 1001390B2AFAA87C0037EF36 /* Preview Assets.xcassets */; };
		100139142AFBF39C0037EF36 /* Realm in Frameworks */ = {isa = PBXBuildFile; productRef = 100139132AFBF39C0037EF36 /* Realm */; };
		100139162AFBF39C0037EF36 /* RealmSwift in Frameworks */ = {isa = PBXBuildFile; productRef = 100139152AFBF39C0037EF36 /* RealmSwift */; };
		100139182AFC9AD40037EF36 /* Community.swift in Sources */ = {isa = PBXBuildFile; fileRef = 100139172AFC9AD40037EF36 /* Community.swift */; };
		1001391C2AFC9D9E0037EF36 /* MemberView.swift in Sources */ = {isa = PBXBuildFile; fileRef = 1001391B2AFC9D9E0037EF36 /* MemberView.swift */; };
		1001391E2AFCA0330037EF36 /* CommunityEditView.swift in Sources */ = {isa = PBXBuildFile; fileRef = 1001391D2AFCA0330037EF36 /* CommunityEditView.swift */; };
		100139202AFCB4950037EF36 /* CardView.swift in Sources */ = {isa = PBXBuildFile; fileRef = 1001391F2AFCB4950037EF36 /* CardView.swift */; };
		100139222AFD1A2B0037EF36 /* Member.swift in Sources */ = {isa = PBXBuildFile; fileRef = 100139212AFD1A2B0037EF36 /* Member.swift */; };
		1001396C2B0075540037EF36 /* MemberEditView.swift in Sources */ = {isa = PBXBuildFile; fileRef = 1001396B2B0075540037EF36 /* MemberEditView.swift */; };
		1001396E2B0075610037EF36 /* MemberDetailView.swift in Sources */ = {isa = PBXBuildFile; fileRef = 1001396D2B0075610037EF36 /* MemberDetailView.swift */; };
		102C6FC62B04919800B2B05A /* CircularProgressBar.swift in Sources */ = {isa = PBXBuildFile; fileRef = 102C6FC52B04919800B2B05A /* CircularProgressBar.swift */; };
		102C6FC82B04986100B2B05A /* Friendship.swift in Sources */ = {isa = PBXBuildFile; fileRef = 102C6FC72B04986100B2B05A /* Friendship.swift */; };
		102C6FEB2B0A0ECA00B2B05A /* MyLibrary in Frameworks */ = {isa = PBXBuildFile; productRef = 102C6FEA2B0A0ECA00B2B05A /* MyLibrary */; };
		1034C3B32B0C5914002B87DD /* RealmData.swift in Sources */ = {isa = PBXBuildFile; fileRef = 1034C3B22B0C5914002B87DD /* RealmData.swift */; };
		1034C3B52B0C595D002B87DD /* RealmRepository.swift in Sources */ = {isa = PBXBuildFile; fileRef = 1034C3B42B0C595D002B87DD /* RealmRepository.swift */; };
		1034C3B92B0C8767002B87DD /* MemberRepository.swift in Sources */ = {isa = PBXBuildFile; fileRef = 1034C3B82B0C8767002B87DD /* MemberRepository.swift */; };
		1034C3BB2B0C8FD1002B87DD /* CommunityRepository.swift in Sources */ = {isa = PBXBuildFile; fileRef = 1034C3BA2B0C8FD0002B87DD /* CommunityRepository.swift */; };
		106A60E92B2F1A4600D9875B /* MemberCreateView.swift in Sources */ = {isa = PBXBuildFile; fileRef = 106A60E82B2F1A4600D9875B /* MemberCreateView.swift */; };
		10A975AC2B2FD42C00DFEAEE /* DatabaseProtocol.swift in Sources */ = {isa = PBXBuildFile; fileRef = 10A975AB2B2FD42C00DFEAEE /* DatabaseProtocol.swift */; };
		10A975AE2B2FD59000DFEAEE /* CommunityDatabase.swift in Sources */ = {isa = PBXBuildFile; fileRef = 10A975AD2B2FD59000DFEAEE /* CommunityDatabase.swift */; };
		10A975B02B2FD73100DFEAEE /* CommunityViewModel.swift in Sources */ = {isa = PBXBuildFile; fileRef = 10A975AF2B2FD73100DFEAEE /* CommunityViewModel.swift */; };
		10B1C6902B29E61600A0F60C /* MemberViewModel.swift in Sources */ = {isa = PBXBuildFile; fileRef = 10B1C68F2B29E61500A0F60C /* MemberViewModel.swift */; };
/* End PBXBuildFile section */

/* Begin PBXFileReference section */
		100139012AFAA87A0037EF36 /* siriaiZukan.app */ = {isa = PBXFileReference; explicitFileType = wrapper.application; includeInIndex = 0; path = siriaiZukan.app; sourceTree = BUILT_PRODUCTS_DIR; };
		100139042AFAA87A0037EF36 /* siriaiZukanApp.swift */ = {isa = PBXFileReference; lastKnownFileType = sourcecode.swift; path = siriaiZukanApp.swift; sourceTree = "<group>"; };
		100139062AFAA87A0037EF36 /* CommunityView.swift */ = {isa = PBXFileReference; lastKnownFileType = sourcecode.swift; path = CommunityView.swift; sourceTree = "<group>"; };
		100139082AFAA87C0037EF36 /* Assets.xcassets */ = {isa = PBXFileReference; lastKnownFileType = folder.assetcatalog; path = Assets.xcassets; sourceTree = "<group>"; };
		1001390B2AFAA87C0037EF36 /* Preview Assets.xcassets */ = {isa = PBXFileReference; lastKnownFileType = folder.assetcatalog; path = "Preview Assets.xcassets"; sourceTree = "<group>"; };
		100139172AFC9AD40037EF36 /* Community.swift */ = {isa = PBXFileReference; lastKnownFileType = sourcecode.swift; path = Community.swift; sourceTree = "<group>"; };
		1001391B2AFC9D9E0037EF36 /* MemberView.swift */ = {isa = PBXFileReference; lastKnownFileType = sourcecode.swift; path = MemberView.swift; sourceTree = "<group>"; };
		1001391D2AFCA0330037EF36 /* CommunityEditView.swift */ = {isa = PBXFileReference; lastKnownFileType = sourcecode.swift; path = CommunityEditView.swift; sourceTree = "<group>"; };
		1001391F2AFCB4950037EF36 /* CardView.swift */ = {isa = PBXFileReference; lastKnownFileType = sourcecode.swift; path = CardView.swift; sourceTree = "<group>"; };
		100139212AFD1A2B0037EF36 /* Member.swift */ = {isa = PBXFileReference; lastKnownFileType = sourcecode.swift; path = Member.swift; sourceTree = "<group>"; };
		1001396B2B0075540037EF36 /* MemberEditView.swift */ = {isa = PBXFileReference; lastKnownFileType = sourcecode.swift; path = MemberEditView.swift; sourceTree = "<group>"; };
		1001396D2B0075610037EF36 /* MemberDetailView.swift */ = {isa = PBXFileReference; lastKnownFileType = sourcecode.swift; path = MemberDetailView.swift; sourceTree = "<group>"; };
		102C6FC52B04919800B2B05A /* CircularProgressBar.swift */ = {isa = PBXFileReference; lastKnownFileType = sourcecode.swift; path = CircularProgressBar.swift; sourceTree = "<group>"; };
		102C6FC72B04986100B2B05A /* Friendship.swift */ = {isa = PBXFileReference; lastKnownFileType = sourcecode.swift; path = Friendship.swift; sourceTree = "<group>"; };
		1034C3B22B0C5914002B87DD /* RealmData.swift */ = {isa = PBXFileReference; lastKnownFileType = sourcecode.swift; path = RealmData.swift; sourceTree = "<group>"; };
		1034C3B42B0C595D002B87DD /* RealmRepository.swift */ = {isa = PBXFileReference; lastKnownFileType = sourcecode.swift; path = RealmRepository.swift; sourceTree = "<group>"; };
		1034C3B82B0C8767002B87DD /* MemberRepository.swift */ = {isa = PBXFileReference; lastKnownFileType = sourcecode.swift; path = MemberRepository.swift; sourceTree = "<group>"; };
		1034C3BA2B0C8FD0002B87DD /* CommunityRepository.swift */ = {isa = PBXFileReference; lastKnownFileType = sourcecode.swift; path = CommunityRepository.swift; sourceTree = "<group>"; };
		106A60E82B2F1A4600D9875B /* MemberCreateView.swift */ = {isa = PBXFileReference; lastKnownFileType = sourcecode.swift; path = MemberCreateView.swift; sourceTree = "<group>"; };
		10A975AB2B2FD42C00DFEAEE /* DatabaseProtocol.swift */ = {isa = PBXFileReference; lastKnownFileType = sourcecode.swift; path = DatabaseProtocol.swift; sourceTree = "<group>"; };
		10A975AD2B2FD59000DFEAEE /* CommunityDatabase.swift */ = {isa = PBXFileReference; lastKnownFileType = sourcecode.swift; path = CommunityDatabase.swift; sourceTree = "<group>"; };
		10A975AF2B2FD73100DFEAEE /* CommunityViewModel.swift */ = {isa = PBXFileReference; lastKnownFileType = sourcecode.swift; path = CommunityViewModel.swift; sourceTree = "<group>"; };
		10B1C68F2B29E61500A0F60C /* MemberViewModel.swift */ = {isa = PBXFileReference; lastKnownFileType = sourcecode.swift; path = MemberViewModel.swift; sourceTree = "<group>"; };
/* End PBXFileReference section */

/* Begin PBXFrameworksBuildPhase section */
		100138FE2AFAA87A0037EF36 /* Frameworks */ = {
			isa = PBXFrameworksBuildPhase;
			buildActionMask = 2147483647;
			files = (
				102C6FEB2B0A0ECA00B2B05A /* MyLibrary in Frameworks */,
				100139162AFBF39C0037EF36 /* RealmSwift in Frameworks */,
				100139142AFBF39C0037EF36 /* Realm in Frameworks */,
			);
			runOnlyForDeploymentPostprocessing = 0;
		};
/* End PBXFrameworksBuildPhase section */

/* Begin PBXGroup section */
		100138F82AFAA87A0037EF36 = {
			isa = PBXGroup;
			children = (
				100139032AFAA87A0037EF36 /* siriaiZukan */,
				100139022AFAA87A0037EF36 /* Products */,
			);
			sourceTree = "<group>";
		};
		100139022AFAA87A0037EF36 /* Products */ = {
			isa = PBXGroup;
			children = (
				100139012AFAA87A0037EF36 /* siriaiZukan.app */,
			);
			name = Products;
			sourceTree = "<group>";
		};
		100139032AFAA87A0037EF36 /* siriaiZukan */ = {
			isa = PBXGroup;
			children = (
				100139042AFAA87A0037EF36 /* siriaiZukanApp.swift */,
				1001391A2AFC9D390037EF36 /* View */,
				10F127A42B0E1A5E009A223B /* ViewModel */,
				10A975AA2B2FD41700DFEAEE /* Database */,
				100139192AFC9D300037EF36 /* Model */,
				100139082AFAA87C0037EF36 /* Assets.xcassets */,
				1001390A2AFAA87C0037EF36 /* Preview Content */,
			);
			path = siriaiZukan;
			sourceTree = "<group>";
		};
		1001390A2AFAA87C0037EF36 /* Preview Content */ = {
			isa = PBXGroup;
			children = (
				1001390B2AFAA87C0037EF36 /* Preview Assets.xcassets */,
			);
			path = "Preview Content";
			sourceTree = "<group>";
		};
		100139192AFC9D300037EF36 /* Model */ = {
			isa = PBXGroup;
			children = (
				1034C3B12B0C58FB002B87DD /* RealmModel */,
				1034C3B72B0C8718002B87DD /* Member */,
				1034C3B62B0C8714002B87DD /* Community */,
			);
			path = Model;
			sourceTree = "<group>";
		};
		1001391A2AFC9D390037EF36 /* View */ = {
			isa = PBXGroup;
			children = (
				1001395B2AFFE82A0037EF36 /* Member */,
				1001395A2AFFE81D0037EF36 /* Community */,
			);
			path = View;
			sourceTree = "<group>";
		};
		1001395A2AFFE81D0037EF36 /* Community */ = {
			isa = PBXGroup;
			children = (
				100139062AFAA87A0037EF36 /* CommunityView.swift */,
				1001391D2AFCA0330037EF36 /* CommunityEditView.swift */,
			);
			path = Community;
			sourceTree = "<group>";
		};
		1001395B2AFFE82A0037EF36 /* Member */ = {
			isa = PBXGroup;
			children = (
				1001391B2AFC9D9E0037EF36 /* MemberView.swift */,
				1001396B2B0075540037EF36 /* MemberEditView.swift */,
				106A60E82B2F1A4600D9875B /* MemberCreateView.swift */,
				1001396D2B0075610037EF36 /* MemberDetailView.swift */,
				1001391F2AFCB4950037EF36 /* CardView.swift */,
				102C6FC52B04919800B2B05A /* CircularProgressBar.swift */,
			);
			path = Member;
			sourceTree = "<group>";
		};
		1034C3B12B0C58FB002B87DD /* RealmModel */ = {
			isa = PBXGroup;
			children = (
				1034C3B22B0C5914002B87DD /* RealmData.swift */,
				1034C3B42B0C595D002B87DD /* RealmRepository.swift */,
			);
			path = RealmModel;
			sourceTree = "<group>";
		};
		1034C3B62B0C8714002B87DD /* Community */ = {
			isa = PBXGroup;
			children = (
				100139172AFC9AD40037EF36 /* Community.swift */,
				1034C3BA2B0C8FD0002B87DD /* CommunityRepository.swift */,
			);
			path = Community;
			sourceTree = "<group>";
		};
		1034C3B72B0C8718002B87DD /* Member */ = {
			isa = PBXGroup;
			children = (
				102C6FC72B04986100B2B05A /* Friendship.swift */,
				100139212AFD1A2B0037EF36 /* Member.swift */,
				1034C3B82B0C8767002B87DD /* MemberRepository.swift */,
			);
			path = Member;
			sourceTree = "<group>";
		};
		10A975AA2B2FD41700DFEAEE /* Database */ = {
			isa = PBXGroup;
			children = (
				10A975AB2B2FD42C00DFEAEE /* DatabaseProtocol.swift */,
				10A975AD2B2FD59000DFEAEE /* CommunityDatabase.swift */,
			);
			path = Database;
			sourceTree = "<group>";
		};
		10F127A42B0E1A5E009A223B /* ViewModel */ = {
			isa = PBXGroup;
			children = (
				10B1C68F2B29E61500A0F60C /* MemberViewModel.swift */,
				10A975AF2B2FD73100DFEAEE /* CommunityViewModel.swift */,
			);
			path = ViewModel;
			sourceTree = "<group>";
		};
/* End PBXGroup section */

/* Begin PBXNativeTarget section */
		100139002AFAA87A0037EF36 /* siriaiZukan */ = {
			isa = PBXNativeTarget;
			buildConfigurationList = 1001390F2AFAA87C0037EF36 /* Build configuration list for PBXNativeTarget "siriaiZukan" */;
			buildPhases = (
				100138FD2AFAA87A0037EF36 /* Sources */,
				100138FE2AFAA87A0037EF36 /* Frameworks */,
				100138FF2AFAA87A0037EF36 /* Resources */,
			);
			buildRules = (
			);
			dependencies = (
			);
			name = siriaiZukan;
			packageProductDependencies = (
				100139132AFBF39C0037EF36 /* Realm */,
				100139152AFBF39C0037EF36 /* RealmSwift */,
				102C6FEA2B0A0ECA00B2B05A /* MyLibrary */,
			);
			productName = siriaiZukan;
			productReference = 100139012AFAA87A0037EF36 /* siriaiZukan.app */;
			productType = "com.apple.product-type.application";
		};
/* End PBXNativeTarget section */

/* Begin PBXProject section */
		100138F92AFAA87A0037EF36 /* Project object */ = {
			isa = PBXProject;
			attributes = {
				BuildIndependentTargetsInParallel = 1;
				LastSwiftUpdateCheck = 1500;
				LastUpgradeCheck = 1500;
				TargetAttributes = {
					100139002AFAA87A0037EF36 = {
						CreatedOnToolsVersion = 15.0.1;
					};
				};
			};
			buildConfigurationList = 100138FC2AFAA87A0037EF36 /* Build configuration list for PBXProject "siriaiZukan" */;
			compatibilityVersion = "Xcode 14.0";
			developmentRegion = en;
			hasScannedForEncodings = 0;
			knownRegions = (
				en,
				Base,
			);
			mainGroup = 100138F82AFAA87A0037EF36;
			packageReferences = (
				100139122AFBF39C0037EF36 /* XCRemoteSwiftPackageReference "realm-swift" */,
				102C6FE92B0A0ECA00B2B05A /* XCRemoteSwiftPackageReference "GradationColor" */,
			);
			productRefGroup = 100139022AFAA87A0037EF36 /* Products */;
			projectDirPath = "";
			projectRoot = "";
			targets = (
				100139002AFAA87A0037EF36 /* siriaiZukan */,
			);
		};
/* End PBXProject section */

/* Begin PBXResourcesBuildPhase section */
		100138FF2AFAA87A0037EF36 /* Resources */ = {
			isa = PBXResourcesBuildPhase;
			buildActionMask = 2147483647;
			files = (
				1001390C2AFAA87C0037EF36 /* Preview Assets.xcassets in Resources */,
				100139092AFAA87C0037EF36 /* Assets.xcassets in Resources */,
			);
			runOnlyForDeploymentPostprocessing = 0;
		};
/* End PBXResourcesBuildPhase section */

/* Begin PBXSourcesBuildPhase section */
		100138FD2AFAA87A0037EF36 /* Sources */ = {
			isa = PBXSourcesBuildPhase;
			buildActionMask = 2147483647;
			files = (
				100139182AFC9AD40037EF36 /* Community.swift in Sources */,
				1034C3B32B0C5914002B87DD /* RealmData.swift in Sources */,
				10A975AE2B2FD59000DFEAEE /* CommunityDatabase.swift in Sources */,
				106A60E92B2F1A4600D9875B /* MemberCreateView.swift in Sources */,
				100139072AFAA87A0037EF36 /* CommunityView.swift in Sources */,
				1001391C2AFC9D9E0037EF36 /* MemberView.swift in Sources */,
				10B1C6902B29E61600A0F60C /* MemberViewModel.swift in Sources */,
				102C6FC62B04919800B2B05A /* CircularProgressBar.swift in Sources */,
				10A975B02B2FD73100DFEAEE /* CommunityViewModel.swift in Sources */,
				1001396E2B0075610037EF36 /* MemberDetailView.swift in Sources */,
				10A975AC2B2FD42C00DFEAEE /* DatabaseProtocol.swift in Sources */,
				1001391E2AFCA0330037EF36 /* CommunityEditView.swift in Sources */,
				1001396C2B0075540037EF36 /* MemberEditView.swift in Sources */,
				1034C3B52B0C595D002B87DD /* RealmRepository.swift in Sources */,
				1034C3B92B0C8767002B87DD /* MemberRepository.swift in Sources */,
				1034C3BB2B0C8FD1002B87DD /* CommunityRepository.swift in Sources */,
				100139202AFCB4950037EF36 /* CardView.swift in Sources */,
				100139222AFD1A2B0037EF36 /* Member.swift in Sources */,
				100139052AFAA87A0037EF36 /* siriaiZukanApp.swift in Sources */,
				102C6FC82B04986100B2B05A /* Friendship.swift in Sources */,
			);
			runOnlyForDeploymentPostprocessing = 0;
		};
/* End PBXSourcesBuildPhase section */

/* Begin XCBuildConfiguration section */
		1001390D2AFAA87C0037EF36 /* Debug */ = {
			isa = XCBuildConfiguration;
			buildSettings = {
				ALWAYS_SEARCH_USER_PATHS = NO;
				ASSETCATALOG_COMPILER_GENERATE_SWIFT_ASSET_SYMBOL_EXTENSIONS = YES;
				CLANG_ANALYZER_NONNULL = YES;
				CLANG_ANALYZER_NUMBER_OBJECT_CONVERSION = YES_AGGRESSIVE;
				CLANG_CXX_LANGUAGE_STANDARD = "gnu++20";
				CLANG_ENABLE_MODULES = YES;
				CLANG_ENABLE_OBJC_ARC = YES;
				CLANG_ENABLE_OBJC_WEAK = YES;
				CLANG_WARN_BLOCK_CAPTURE_AUTORELEASING = YES;
				CLANG_WARN_BOOL_CONVERSION = YES;
				CLANG_WARN_COMMA = YES;
				CLANG_WARN_CONSTANT_CONVERSION = YES;
				CLANG_WARN_DEPRECATED_OBJC_IMPLEMENTATIONS = YES;
				CLANG_WARN_DIRECT_OBJC_ISA_USAGE = YES_ERROR;
				CLANG_WARN_DOCUMENTATION_COMMENTS = YES;
				CLANG_WARN_EMPTY_BODY = YES;
				CLANG_WARN_ENUM_CONVERSION = YES;
				CLANG_WARN_INFINITE_RECURSION = YES;
				CLANG_WARN_INT_CONVERSION = YES;
				CLANG_WARN_NON_LITERAL_NULL_CONVERSION = YES;
				CLANG_WARN_OBJC_IMPLICIT_RETAIN_SELF = YES;
				CLANG_WARN_OBJC_LITERAL_CONVERSION = YES;
				CLANG_WARN_OBJC_ROOT_CLASS = YES_ERROR;
				CLANG_WARN_QUOTED_INCLUDE_IN_FRAMEWORK_HEADER = YES;
				CLANG_WARN_RANGE_LOOP_ANALYSIS = YES;
				CLANG_WARN_STRICT_PROTOTYPES = YES;
				CLANG_WARN_SUSPICIOUS_MOVE = YES;
				CLANG_WARN_UNGUARDED_AVAILABILITY = YES_AGGRESSIVE;
				CLANG_WARN_UNREACHABLE_CODE = YES;
				CLANG_WARN__DUPLICATE_METHOD_MATCH = YES;
				COPY_PHASE_STRIP = NO;
				DEBUG_INFORMATION_FORMAT = dwarf;
				ENABLE_STRICT_OBJC_MSGSEND = YES;
				ENABLE_TESTABILITY = YES;
				ENABLE_USER_SCRIPT_SANDBOXING = YES;
				GCC_C_LANGUAGE_STANDARD = gnu17;
				GCC_DYNAMIC_NO_PIC = NO;
				GCC_NO_COMMON_BLOCKS = YES;
				GCC_OPTIMIZATION_LEVEL = 0;
				GCC_PREPROCESSOR_DEFINITIONS = (
					"DEBUG=1",
					"$(inherited)",
				);
				GCC_WARN_64_TO_32_BIT_CONVERSION = YES;
				GCC_WARN_ABOUT_RETURN_TYPE = YES_ERROR;
				GCC_WARN_UNDECLARED_SELECTOR = YES;
				GCC_WARN_UNINITIALIZED_AUTOS = YES_AGGRESSIVE;
				GCC_WARN_UNUSED_FUNCTION = YES;
				GCC_WARN_UNUSED_VARIABLE = YES;
				IPHONEOS_DEPLOYMENT_TARGET = 17.0;
				LOCALIZATION_PREFERS_STRING_CATALOGS = YES;
				MTL_ENABLE_DEBUG_INFO = INCLUDE_SOURCE;
				MTL_FAST_MATH = YES;
				ONLY_ACTIVE_ARCH = YES;
				SDKROOT = iphoneos;
				SWIFT_ACTIVE_COMPILATION_CONDITIONS = "DEBUG $(inherited)";
				SWIFT_OPTIMIZATION_LEVEL = "-Onone";
			};
			name = Debug;
		};
		1001390E2AFAA87C0037EF36 /* Release */ = {
			isa = XCBuildConfiguration;
			buildSettings = {
				ALWAYS_SEARCH_USER_PATHS = NO;
				ASSETCATALOG_COMPILER_GENERATE_SWIFT_ASSET_SYMBOL_EXTENSIONS = YES;
				CLANG_ANALYZER_NONNULL = YES;
				CLANG_ANALYZER_NUMBER_OBJECT_CONVERSION = YES_AGGRESSIVE;
				CLANG_CXX_LANGUAGE_STANDARD = "gnu++20";
				CLANG_ENABLE_MODULES = YES;
				CLANG_ENABLE_OBJC_ARC = YES;
				CLANG_ENABLE_OBJC_WEAK = YES;
				CLANG_WARN_BLOCK_CAPTURE_AUTORELEASING = YES;
				CLANG_WARN_BOOL_CONVERSION = YES;
				CLANG_WARN_COMMA = YES;
				CLANG_WARN_CONSTANT_CONVERSION = YES;
				CLANG_WARN_DEPRECATED_OBJC_IMPLEMENTATIONS = YES;
				CLANG_WARN_DIRECT_OBJC_ISA_USAGE = YES_ERROR;
				CLANG_WARN_DOCUMENTATION_COMMENTS = YES;
				CLANG_WARN_EMPTY_BODY = YES;
				CLANG_WARN_ENUM_CONVERSION = YES;
				CLANG_WARN_INFINITE_RECURSION = YES;
				CLANG_WARN_INT_CONVERSION = YES;
				CLANG_WARN_NON_LITERAL_NULL_CONVERSION = YES;
				CLANG_WARN_OBJC_IMPLICIT_RETAIN_SELF = YES;
				CLANG_WARN_OBJC_LITERAL_CONVERSION = YES;
				CLANG_WARN_OBJC_ROOT_CLASS = YES_ERROR;
				CLANG_WARN_QUOTED_INCLUDE_IN_FRAMEWORK_HEADER = YES;
				CLANG_WARN_RANGE_LOOP_ANALYSIS = YES;
				CLANG_WARN_STRICT_PROTOTYPES = YES;
				CLANG_WARN_SUSPICIOUS_MOVE = YES;
				CLANG_WARN_UNGUARDED_AVAILABILITY = YES_AGGRESSIVE;
				CLANG_WARN_UNREACHABLE_CODE = YES;
				CLANG_WARN__DUPLICATE_METHOD_MATCH = YES;
				COPY_PHASE_STRIP = NO;
				DEBUG_INFORMATION_FORMAT = "dwarf-with-dsym";
				ENABLE_NS_ASSERTIONS = NO;
				ENABLE_STRICT_OBJC_MSGSEND = YES;
				ENABLE_USER_SCRIPT_SANDBOXING = YES;
				GCC_C_LANGUAGE_STANDARD = gnu17;
				GCC_NO_COMMON_BLOCKS = YES;
				GCC_WARN_64_TO_32_BIT_CONVERSION = YES;
				GCC_WARN_ABOUT_RETURN_TYPE = YES_ERROR;
				GCC_WARN_UNDECLARED_SELECTOR = YES;
				GCC_WARN_UNINITIALIZED_AUTOS = YES_AGGRESSIVE;
				GCC_WARN_UNUSED_FUNCTION = YES;
				GCC_WARN_UNUSED_VARIABLE = YES;
				IPHONEOS_DEPLOYMENT_TARGET = 17.0;
				LOCALIZATION_PREFERS_STRING_CATALOGS = YES;
				MTL_ENABLE_DEBUG_INFO = NO;
				MTL_FAST_MATH = YES;
				SDKROOT = iphoneos;
				SWIFT_COMPILATION_MODE = wholemodule;
				VALIDATE_PRODUCT = YES;
			};
			name = Release;
		};
		100139102AFAA87C0037EF36 /* Debug */ = {
			isa = XCBuildConfiguration;
			buildSettings = {
				ASSETCATALOG_COMPILER_APPICON_NAME = AppIcon;
				ASSETCATALOG_COMPILER_GLOBAL_ACCENT_COLOR_NAME = AccentColor;
				CODE_SIGN_STYLE = Automatic;
				CURRENT_PROJECT_VERSION = 1;
				DEVELOPMENT_ASSET_PATHS = "\"siriaiZukan/Preview Content\"";
				DEVELOPMENT_TEAM = NJ55RU4U3A;
				ENABLE_PREVIEWS = YES;
				GENERATE_INFOPLIST_FILE = YES;
				INFOPLIST_KEY_UIApplicationSceneManifest_Generation = YES;
				INFOPLIST_KEY_UIApplicationSupportsIndirectInputEvents = YES;
				INFOPLIST_KEY_UILaunchScreen_Generation = YES;
				INFOPLIST_KEY_UISupportedInterfaceOrientations_iPad = "UIInterfaceOrientationPortrait UIInterfaceOrientationPortraitUpsideDown UIInterfaceOrientationLandscapeLeft UIInterfaceOrientationLandscapeRight";
				INFOPLIST_KEY_UISupportedInterfaceOrientations_iPhone = "UIInterfaceOrientationPortrait UIInterfaceOrientationLandscapeLeft UIInterfaceOrientationLandscapeRight";
				LD_RUNPATH_SEARCH_PATHS = (
					"$(inherited)",
					"@executable_path/Frameworks",
				);
				MARKETING_VERSION = 1.0;
				PRODUCT_BUNDLE_IDENTIFIER = com.shuto.siriaiZukan;
				PRODUCT_NAME = "$(TARGET_NAME)";
				SWIFT_EMIT_LOC_STRINGS = YES;
				SWIFT_VERSION = 5.0;
				TARGETED_DEVICE_FAMILY = "1,2";
			};
			name = Debug;
		};
		100139112AFAA87C0037EF36 /* Release */ = {
			isa = XCBuildConfiguration;
			buildSettings = {
				ASSETCATALOG_COMPILER_APPICON_NAME = AppIcon;
				ASSETCATALOG_COMPILER_GLOBAL_ACCENT_COLOR_NAME = AccentColor;
				CODE_SIGN_STYLE = Automatic;
				CURRENT_PROJECT_VERSION = 1;
				DEVELOPMENT_ASSET_PATHS = "\"siriaiZukan/Preview Content\"";
				DEVELOPMENT_TEAM = NJ55RU4U3A;
				ENABLE_PREVIEWS = YES;
				GENERATE_INFOPLIST_FILE = YES;
				INFOPLIST_KEY_UIApplicationSceneManifest_Generation = YES;
				INFOPLIST_KEY_UIApplicationSupportsIndirectInputEvents = YES;
				INFOPLIST_KEY_UILaunchScreen_Generation = YES;
				INFOPLIST_KEY_UISupportedInterfaceOrientations_iPad = "UIInterfaceOrientationPortrait UIInterfaceOrientationPortraitUpsideDown UIInterfaceOrientationLandscapeLeft UIInterfaceOrientationLandscapeRight";
				INFOPLIST_KEY_UISupportedInterfaceOrientations_iPhone = "UIInterfaceOrientationPortrait UIInterfaceOrientationLandscapeLeft UIInterfaceOrientationLandscapeRight";
				LD_RUNPATH_SEARCH_PATHS = (
					"$(inherited)",
					"@executable_path/Frameworks",
				);
				MARKETING_VERSION = 1.0;
				PRODUCT_BUNDLE_IDENTIFIER = com.shuto.siriaiZukan;
				PRODUCT_NAME = "$(TARGET_NAME)";
				SWIFT_EMIT_LOC_STRINGS = YES;
				SWIFT_VERSION = 5.0;
				TARGETED_DEVICE_FAMILY = "1,2";
			};
			name = Release;
		};
/* End XCBuildConfiguration section */

/* Begin XCConfigurationList section */
		100138FC2AFAA87A0037EF36 /* Build configuration list for PBXProject "siriaiZukan" */ = {
			isa = XCConfigurationList;
			buildConfigurations = (
				1001390D2AFAA87C0037EF36 /* Debug */,
				1001390E2AFAA87C0037EF36 /* Release */,
			);
			defaultConfigurationIsVisible = 0;
			defaultConfigurationName = Release;
		};
		1001390F2AFAA87C0037EF36 /* Build configuration list for PBXNativeTarget "siriaiZukan" */ = {
			isa = XCConfigurationList;
			buildConfigurations = (
				100139102AFAA87C0037EF36 /* Debug */,
				100139112AFAA87C0037EF36 /* Release */,
			);
			defaultConfigurationIsVisible = 0;
			defaultConfigurationName = Release;
		};
/* End XCConfigurationList section */

/* Begin XCRemoteSwiftPackageReference section */
		100139122AFBF39C0037EF36 /* XCRemoteSwiftPackageReference "realm-swift" */ = {
			isa = XCRemoteSwiftPackageReference;
			repositoryURL = "https://github.com/realm/realm-swift";
			requirement = {
				branch = master;
				kind = branch;
			};
		};
		102C6FE92B0A0ECA00B2B05A /* XCRemoteSwiftPackageReference "GradationColor" */ = {
			isa = XCRemoteSwiftPackageReference;
			repositoryURL = "https://github.com/urassh/GradationColor.git";
			requirement = {
				branch = main;
				kind = branch;
			};
		};
/* End XCRemoteSwiftPackageReference section */

/* Begin XCSwiftPackageProductDependency section */
		100139132AFBF39C0037EF36 /* Realm */ = {
			isa = XCSwiftPackageProductDependency;
			package = 100139122AFBF39C0037EF36 /* XCRemoteSwiftPackageReference "realm-swift" */;
			productName = Realm;
		};
		100139152AFBF39C0037EF36 /* RealmSwift */ = {
			isa = XCSwiftPackageProductDependency;
			package = 100139122AFBF39C0037EF36 /* XCRemoteSwiftPackageReference "realm-swift" */;
			productName = RealmSwift;
		};
		102C6FEA2B0A0ECA00B2B05A /* MyLibrary */ = {
			isa = XCSwiftPackageProductDependency;
			package = 102C6FE92B0A0ECA00B2B05A /* XCRemoteSwiftPackageReference "GradationColor" */;
			productName = MyLibrary;
		};
/* End XCSwiftPackageProductDependency section */
	};
	rootObject = 100138F92AFAA87A0037EF36 /* Project object */;
}
